
Microsoft Visual Studio Solution File, Format Version 12.00
# Visual Studio 2013
VisualStudioVersion = 12.0.21005.1
MinimumVisualStudioVersion = 10.0.40219.1
Project("{8BC9CEB8-8B4A-11D0-8D11-00A0C91BC942}") = "03.25(传址传递)", "03.25(传址传递)\03.25(传址传递).vcxproj", "{E61C4139-3496-4186-8ACE-856B67D7AE1B}"
EndProject
Global
	GlobalSection(SolutionConfigurationPlatforms) = preSolution
		Debug|Win32 = Debug|Win32
		Release|Win32 = Release|Win32
	EndGlobalSection
	GlobalSection(ProjectConfigurationPlatforms) = postSolution
		{E61C4139-3496-4186-8ACE-856B67D7AE1B}.Debug|Win32.ActiveCfg = Debug|Win32
		{E61C4139-3496-4186-8ACE-856B67D7AE1B}.Debug|Win32.Build.0 = Debug|Win32
		{E61C4139-3496-4186-8ACE-856B67D7AE1B}.Release|Win32.ActiveCfg = Release|Win32
		{E61C4139-3496-4186-8ACE-856B67D7AE1B}.Release|Win32.Build.0 = Release|Win32
	EndGlobalSection
	GlobalSection(SolutionProperties) = preSolution
		HideSolutionNode = FALSE
	EndGlobalSection
EndGlobal
